
Microsoft Visual Studio Solution File, Format Version 12.00
# Visual Studio Version 16
VisualStudioVersion = 16.0.31624.102
MinimumVisualStudioVersion = 10.0.40219.1
Project("{FAE04EC0-301F-11D3-BF4B-00C04F79EFBC}") = "SMS", "SMS\SMS.csproj", "{480C52F3-8758-45E8-8AA0-4A4F92A02B93}"
EndProject
Global
	GlobalSection(SolutionConfigurationPlatforms) = preSolution
		Debug|Any CPU = Debug|Any CPU
		Release|Any CPU = Release|Any CPU
	EndGlobalSection
	GlobalSection(ProjectConfigurationPlatforms) = postSolution
		{480C52F3-8758-45E8-8AA0-4A4F92A02B93}.Debug|Any CPU.ActiveCfg = Debug|Any CPU
		{480C52F3-8758-45E8-8AA0-4A4F92A02B93}.Debug|Any CPU.Build.0 = Debug|Any CPU
		{480C52F3-8758-45E8-8AA0-4A4F92A02B93}.Release|Any CPU.ActiveCfg = Release|Any CPU
		{480C52F3-8758-45E8-8AA0-4A4F92A02B93}.Release|Any CPU.Build.0 = Release|Any CPU
	EndGlobalSection
	GlobalSection(SolutionProperties) = preSolution
		HideSolutionNode = FALSE
	EndGlobalSection
	GlobalSection(ExtensibilityGlobals) = postSolution
		SolutionGuid = {0C3186F2-3AE2-48D6-8BA6-2B6F702D2277}
	EndGlobalSection
EndGlobal
